
Microsoft Visual Studio Solution File, Format Version 12.00
# Visual Studio Version 16
VisualStudioVersion = 16.0.30406.217
MinimumVisualStudioVersion = 10.0.40219.1
Project("{FAE04EC0-301F-11D3-BF4B-00C04F79EFBC}") = "CO_Driver", "CO_Driver.csproj", "{0416A627-3E06-419A-8051-C892486C99E6}"
EndProject
Global
	GlobalSection(SolutionConfigurationPlatforms) = preSolution
		Debug|Any CPU = Debug|Any CPU
		Release|Any CPU = Release|Any CPU
	EndGlobalSection
	GlobalSection(ProjectConfigurationPlatforms) = postSolution
		{0416A627-3E06-419A-8051-C892486C99E6}.Debug|Any CPU.ActiveCfg = Debug|Any CPU
		{0416A627-3E06-419A-8051-C892486C99E6}.Debug|Any CPU.Build.0 = Debug|Any CPU
		{0416A627-3E06-419A-8051-C892486C99E6}.Release|Any CPU.ActiveCfg = Release|Any CPU
		{0416A627-3E06-419A-8051-C892486C99E6}.Release|Any CPU.Build.0 = Release|Any CPU
	EndGlobalSection
	GlobalSection(SolutionProperties) = preSolution
		HideSolutionNode = FALSE
	EndGlobalSection
	GlobalSection(ExtensibilityGlobals) = postSolution
		SolutionGuid = {A37137F6-9D81-4117-AE02-6FE8D8D8D23B}
	EndGlobalSection
EndGlobal
